
Microsoft Visual Studio Solution File, Format Version 12.00
# Visual Studio Version 17
VisualStudioVersion = 17.5.001.0
MinimumVisualStudioVersion = 10.0.40219.1
Project("{9A19103F-16F7-4668-BE54-9A1E7A4F7556}") = "SSCMS.Gather", "SSCMS.Gather.csproj", "{778F988F-36FF-4BA5-AD37-705E1DF25265}"
EndProject
Global
	GlobalSection(SolutionConfigurationPlatforms) = preSolution
		Debug|Any CPU = Debug|Any CPU
		Release|Any CPU = Release|Any CPU
	EndGlobalSection
	GlobalSection(ProjectConfigurationPlatforms) = postSolution
		{778F988F-36FF-4BA5-AD37-705E1DF25265}.Debug|Any CPU.ActiveCfg = Debug|Any CPU
		{778F988F-36FF-4BA5-AD37-705E1DF25265}.Debug|Any CPU.Build.0 = Debug|Any CPU
		{778F988F-36FF-4BA5-AD37-705E1DF25265}.Release|Any CPU.ActiveCfg = Release|Any CPU
		{778F988F-36FF-4BA5-AD37-705E1DF25265}.Release|Any CPU.Build.0 = Release|Any CPU
	EndGlobalSection
	GlobalSection(SolutionProperties) = preSolution
		HideSolutionNode = FALSE
	EndGlobalSection
	GlobalSection(ExtensibilityGlobals) = postSolution
		SolutionGuid = {3063F231-7A5E-48F8-AD1D-2636B8B41ED7}
	EndGlobalSection
EndGlobal
